
Microsoft Visual Studio Solution File, Format Version 12.00
# Visual Studio 14
VisualStudioVersion = 14.0.24720.0
MinimumVisualStudioVersion = 10.0.40219.1
Project("{FAE04EC0-301F-11D3-BF4B-00C04F79EFBC}") = "TDD-test2", "TDD-test2\TDD-test2.csproj", "{7BAF7D10-1B96-4A0E-ACDF-1DCBA8E3EECB}"
EndProject
Project("{FAE04EC0-301F-11D3-BF4B-00C04F79EFBC}") = "Bank", "Bank\Bank.csproj", "{5E84362C-C792-4826-8A47-90EA6962E207}"
EndProject
Project("{FAE04EC0-301F-11D3-BF4B-00C04F79EFBC}") = "Bank.test", "Bank.test\Bank.test.csproj", "{54F29A1F-3AD1-4641-B34B-BCF22A45FCAC}"
EndProject
Project("{2150E333-8FDC-42A3-9474-1A3956D46DE8}") = "Ex1", "Ex1", "{5B94E97A-DAF5-4EDB-9A94-C7ADAC270728}"
EndProject
Project("{FAE04EC0-301F-11D3-BF4B-00C04F79EFBC}") = "Validator", "Validator\Validator.csproj", "{6DEA01ED-4894-48D3-A9EA-00D6B9DC6675}"
EndProject
Project("{FAE04EC0-301F-11D3-BF4B-00C04F79EFBC}") = "Validator.test", "Validator.test\Validator.test.csproj", "{BE50006C-E539-45EA-A001-5629DA115FFE}"
EndProject
Project("{2150E333-8FDC-42A3-9474-1A3956D46DE8}") = "Ex2 + Ex4", "Ex2 + Ex4", "{E6BD3C24-407F-4071-BE95-FD2AD9360298}"
EndProject
Project("{FAE04EC0-301F-11D3-BF4B-00C04F79EFBC}") = "TravelAgency", "TravelAgency\TravelAgency.csproj", "{86C7C667-48C3-41A0-AC69-AFEDB9C3A1DC}"
EndProject
Project("{FAE04EC0-301F-11D3-BF4B-00C04F79EFBC}") = "TravelAgencyTests", "TravelAgencyTests\TravelAgencyTests.csproj", "{2C468DFC-25EC-4BC1-870F-1325DF9FD6F8}"
EndProject
Project("{2150E333-8FDC-42A3-9474-1A3956D46DE8}") = "Ex3", "Ex3", "{6E2E8B15-EC43-4F6E-9F18-B868E446CB96}"
EndProject
Project("{FAE04EC0-301F-11D3-BF4B-00C04F79EFBC}") = "StringCalculator", "StringCalculator\StringCalculator.csproj", "{B40D6387-10AD-4EED-8464-77745413F90E}"
EndProject
Project("{FAE04EC0-301F-11D3-BF4B-00C04F79EFBC}") = "StringCalculatorTests", "StringCalculatorTests\StringCalculatorTests.csproj", "{2CA419B2-68F4-4044-839F-45FEA03D7761}"
EndProject
Project("{2150E333-8FDC-42A3-9474-1A3956D46DE8}") = "ExEx7", "ExEx7", "{E11A5760-F330-4590-93E0-B1F5B1AE4D15}"
EndProject
Project("{FAE04EC0-301F-11D3-BF4B-00C04F79EFBC}") = "FuncNDelegates", "FuncNDelegates\FuncNDelegates.csproj", "{6BAC5633-B05B-454A-B7EF-6F41ECBA39B8}"
EndProject
Global
	GlobalSection(SolutionConfigurationPlatforms) = preSolution
		Debug|Any CPU = Debug|Any CPU
		Release|Any CPU = Release|Any CPU
	EndGlobalSection
	GlobalSection(ProjectConfigurationPlatforms) = postSolution
		{7BAF7D10-1B96-4A0E-ACDF-1DCBA8E3EECB}.Debug|Any CPU.ActiveCfg = Debug|Any CPU
		{7BAF7D10-1B96-4A0E-ACDF-1DCBA8E3EECB}.Debug|Any CPU.Build.0 = Debug|Any CPU
		{7BAF7D10-1B96-4A0E-ACDF-1DCBA8E3EECB}.Release|Any CPU.ActiveCfg = Release|Any CPU
		{7BAF7D10-1B96-4A0E-ACDF-1DCBA8E3EECB}.Release|Any CPU.Build.0 = Release|Any CPU
		{5E84362C-C792-4826-8A47-90EA6962E207}.Debug|Any CPU.ActiveCfg = Debug|Any CPU
		{5E84362C-C792-4826-8A47-90EA6962E207}.Debug|Any CPU.Build.0 = Debug|Any CPU
		{5E84362C-C792-4826-8A47-90EA6962E207}.Release|Any CPU.ActiveCfg = Release|Any CPU
		{5E84362C-C792-4826-8A47-90EA6962E207}.Release|Any CPU.Build.0 = Release|Any CPU
		{54F29A1F-3AD1-4641-B34B-BCF22A45FCAC}.Debug|Any CPU.ActiveCfg = Debug|Any CPU
		{54F29A1F-3AD1-4641-B34B-BCF22A45FCAC}.Debug|Any CPU.Build.0 = Debug|Any CPU
		{54F29A1F-3AD1-4641-B34B-BCF22A45FCAC}.Release|Any CPU.ActiveCfg = Release|Any CPU
		{54F29A1F-3AD1-4641-B34B-BCF22A45FCAC}.Release|Any CPU.Build.0 = Release|Any CPU
		{6DEA01ED-4894-48D3-A9EA-00D6B9DC6675}.Debug|Any CPU.ActiveCfg = Debug|Any CPU
		{6DEA01ED-4894-48D3-A9EA-00D6B9DC6675}.Debug|Any CPU.Build.0 = Debug|Any CPU
		{6DEA01ED-4894-48D3-A9EA-00D6B9DC6675}.Release|Any CPU.ActiveCfg = Release|Any CPU
		{6DEA01ED-4894-48D3-A9EA-00D6B9DC6675}.Release|Any CPU.Build.0 = Release|Any CPU
		{BE50006C-E539-45EA-A001-5629DA115FFE}.Debug|Any CPU.ActiveCfg = Debug|Any CPU
		{BE50006C-E539-45EA-A001-5629DA115FFE}.Debug|Any CPU.Build.0 = Debug|Any CPU
		{BE50006C-E539-45EA-A001-5629DA115FFE}.Release|Any CPU.ActiveCfg = Release|Any CPU
		{BE50006C-E539-45EA-A001-5629DA115FFE}.Release|Any CPU.Build.0 = Release|Any CPU
		{86C7C667-48C3-41A0-AC69-AFEDB9C3A1DC}.Debug|Any CPU.ActiveCfg = Debug|Any CPU
		{86C7C667-48C3-41A0-AC69-AFEDB9C3A1DC}.Debug|Any CPU.Build.0 = Debug|Any CPU
		{86C7C667-48C3-41A0-AC69-AFEDB9C3A1DC}.Release|Any CPU.ActiveCfg = Release|Any CPU
		{86C7C667-48C3-41A0-AC69-AFEDB9C3A1DC}.Release|Any CPU.Build.0 = Release|Any CPU
		{2C468DFC-25EC-4BC1-870F-1325DF9FD6F8}.Debug|Any CPU.ActiveCfg = Debug|Any CPU
		{2C468DFC-25EC-4BC1-870F-1325DF9FD6F8}.Debug|Any CPU.Build.0 = Debug|Any CPU
		{2C468DFC-25EC-4BC1-870F-1325DF9FD6F8}.Release|Any CPU.ActiveCfg = Release|Any CPU
		{2C468DFC-25EC-4BC1-870F-1325DF9FD6F8}.Release|Any CPU.Build.0 = Release|Any CPU
		{B40D6387-10AD-4EED-8464-77745413F90E}.Debug|Any CPU.ActiveCfg = Debug|Any CPU
		{B40D6387-10AD-4EED-8464-77745413F90E}.Debug|Any CPU.Build.0 = Debug|Any CPU
		{B40D6387-10AD-4EED-8464-77745413F90E}.Release|Any CPU.ActiveCfg = Release|Any CPU
		{B40D6387-10AD-4EED-8464-77745413F90E}.Release|Any CPU.Build.0 = Release|Any CPU
		{2CA419B2-68F4-4044-839F-45FEA03D7761}.Debug|Any CPU.ActiveCfg = Debug|Any CPU
		{2CA419B2-68F4-4044-839F-45FEA03D7761}.Debug|Any CPU.Build.0 = Debug|Any CPU
		{2CA419B2-68F4-4044-839F-45FEA03D7761}.Release|Any CPU.ActiveCfg = Release|Any CPU
		{2CA419B2-68F4-4044-839F-45FEA03D7761}.Release|Any CPU.Build.0 = Release|Any CPU
		{6BAC5633-B05B-454A-B7EF-6F41ECBA39B8}.Debug|Any CPU.ActiveCfg = Debug|Any CPU
		{6BAC5633-B05B-454A-B7EF-6F41ECBA39B8}.Debug|Any CPU.Build.0 = Debug|Any CPU
		{6BAC5633-B05B-454A-B7EF-6F41ECBA39B8}.Release|Any CPU.ActiveCfg = Release|Any CPU
		{6BAC5633-B05B-454A-B7EF-6F41ECBA39B8}.Release|Any CPU.Build.0 = Release|Any CPU
	EndGlobalSection
	GlobalSection(SolutionProperties) = preSolution
		HideSolutionNode = FALSE
	EndGlobalSection
	GlobalSection(NestedProjects) = preSolution
		{6DEA01ED-4894-48D3-A9EA-00D6B9DC6675} = {5B94E97A-DAF5-4EDB-9A94-C7ADAC270728}
		{BE50006C-E539-45EA-A001-5629DA115FFE} = {5B94E97A-DAF5-4EDB-9A94-C7ADAC270728}
		{86C7C667-48C3-41A0-AC69-AFEDB9C3A1DC} = {E6BD3C24-407F-4071-BE95-FD2AD9360298}
		{2C468DFC-25EC-4BC1-870F-1325DF9FD6F8} = {E6BD3C24-407F-4071-BE95-FD2AD9360298}
		{B40D6387-10AD-4EED-8464-77745413F90E} = {6E2E8B15-EC43-4F6E-9F18-B868E446CB96}
		{2CA419B2-68F4-4044-839F-45FEA03D7761} = {6E2E8B15-EC43-4F6E-9F18-B868E446CB96}
		{6BAC5633-B05B-454A-B7EF-6F41ECBA39B8} = {E11A5760-F330-4590-93E0-B1F5B1AE4D15}
	EndGlobalSection
EndGlobal
